// !$*UTF8*$!
{
	archiveVersion = 1;
	classes = {
	};
	objectVersion = 56;
	objects = {

/* Begin PBXBuildFile section */
		CB4CF41A2A8F036500A6B929 /* Notas.xcdatamodeld in Sources */ = {isa = PBXBuildFile; fileRef = CB4CF4182A8F036500A6B929 /* Notas.xcdatamodeld */; };
		CB59F1562A8D63B700449180 /* HomeViewController.swift in Sources */ = {isa = PBXBuildFile; fileRef = CB59F1522A8D63B700449180 /* HomeViewController.swift */; };
		CB59F1572A8D63B700449180 /* CreateNoteViewController.swift in Sources */ = {isa = PBXBuildFile; fileRef = CB59F1532A8D63B700449180 /* CreateNoteViewController.swift */; };
		CB59F1582A8D63B700449180 /* SelectViewController.swift in Sources */ = {isa = PBXBuildFile; fileRef = CB59F1552A8D63B700449180 /* SelectViewController.swift */; };
		CB59F15C2A8D63C400449180 /* ActionEnum.swift in Sources */ = {isa = PBXBuildFile; fileRef = CB59F15A2A8D63C300449180 /* ActionEnum.swift */; };
		CB59F15D2A8D63C400449180 /* CategoryEnum.swift in Sources */ = {isa = PBXBuildFile; fileRef = CB59F15B2A8D63C300449180 /* CategoryEnum.swift */; };
		CB59F1602A8D63D100449180 /* Note.swift in Sources */ = {isa = PBXBuildFile; fileRef = CB59F15F2A8D63D100449180 /* Note.swift */; };
		CB59F16B2A8D63E700449180 /* HomeView.swift in Sources */ = {isa = PBXBuildFile; fileRef = CB59F1622A8D63E700449180 /* HomeView.swift */; };
		CB59F16D2A8D63E700449180 /* NoteCollectionViewCell.swift in Sources */ = {isa = PBXBuildFile; fileRef = CB59F1662A8D63E700449180 /* NoteCollectionViewCell.swift */; };
		CB59F16E2A8D63E700449180 /* NoteTableViewDataSource.swift in Sources */ = {isa = PBXBuildFile; fileRef = CB59F1672A8D63E700449180 /* NoteTableViewDataSource.swift */; };
		CB59F16F2A8D63E700449180 /* SelectView.swift in Sources */ = {isa = PBXBuildFile; fileRef = CB59F1692A8D63E700449180 /* SelectView.swift */; };
		CB59F1702A8D63E700449180 /* CreateNoteView.swift in Sources */ = {isa = PBXBuildFile; fileRef = CB59F16A2A8D63E700449180 /* CreateNoteView.swift */; };
		CBD424B02A8D61DE00475143 /* AppDelegate.swift in Sources */ = {isa = PBXBuildFile; fileRef = CBD424AF2A8D61DE00475143 /* AppDelegate.swift */; };
		CBD424B22A8D61DE00475143 /* SceneDelegate.swift in Sources */ = {isa = PBXBuildFile; fileRef = CBD424B12A8D61DE00475143 /* SceneDelegate.swift */; };
		CBD424B42A8D61DE00475143 /* ViewController.swift in Sources */ = {isa = PBXBuildFile; fileRef = CBD424B32A8D61DE00475143 /* ViewController.swift */; };
		CBD424B72A8D61DE00475143 /* Main.storyboard in Resources */ = {isa = PBXBuildFile; fileRef = CBD424B52A8D61DE00475143 /* Main.storyboard */; };
		CBD424BC2A8D61DF00475143 /* Assets.xcassets in Resources */ = {isa = PBXBuildFile; fileRef = CBD424BB2A8D61DF00475143 /* Assets.xcassets */; };
		CBD424BF2A8D61DF00475143 /* LaunchScreen.storyboard in Resources */ = {isa = PBXBuildFile; fileRef = CBD424BD2A8D61DF00475143 /* LaunchScreen.storyboard */; };
		CBD424CA2A8D61DF00475143 /* NotasTests.swift in Sources */ = {isa = PBXBuildFile; fileRef = CBD424C92A8D61DF00475143 /* NotasTests.swift */; };
		CBD424D42A8D61DF00475143 /* NotasUITests.swift in Sources */ = {isa = PBXBuildFile; fileRef = CBD424D32A8D61DF00475143 /* NotasUITests.swift */; };
		CBD424D62A8D61DF00475143 /* NotasUITestsLaunchTests.swift in Sources */ = {isa = PBXBuildFile; fileRef = CBD424D52A8D61DF00475143 /* NotasUITestsLaunchTests.swift */; };
/* End PBXBuildFile section */

/* Begin PBXContainerItemProxy section */
		CBD424C62A8D61DF00475143 /* PBXContainerItemProxy */ = {
			isa = PBXContainerItemProxy;
			containerPortal = CBD424A42A8D61DE00475143 /* Project object */;
			proxyType = 1;
			remoteGlobalIDString = CBD424AB2A8D61DE00475143;
			remoteInfo = Notas;
		};
		CBD424D02A8D61DF00475143 /* PBXContainerItemProxy */ = {
			isa = PBXContainerItemProxy;
			containerPortal = CBD424A42A8D61DE00475143 /* Project object */;
			proxyType = 1;
			remoteGlobalIDString = CBD424AB2A8D61DE00475143;
			remoteInfo = Notas;
		};
/* End PBXContainerItemProxy section */

/* Begin PBXFileReference section */
		CB4CF4192A8F036500A6B929 /* Notas.xcdatamodel */ = {isa = PBXFileReference; lastKnownFileType = wrapper.xcdatamodel; path = Notas.xcdatamodel; sourceTree = "<group>"; };
		CB59F1522A8D63B700449180 /* HomeViewController.swift */ = {isa = PBXFileReference; fileEncoding = 4; lastKnownFileType = sourcecode.swift; path = HomeViewController.swift; sourceTree = "<group>"; };
		CB59F1532A8D63B700449180 /* CreateNoteViewController.swift */ = {isa = PBXFileReference; fileEncoding = 4; lastKnownFileType = sourcecode.swift; path = CreateNoteViewController.swift; sourceTree = "<group>"; };
		CB59F1552A8D63B700449180 /* SelectViewController.swift */ = {isa = PBXFileReference; fileEncoding = 4; lastKnownFileType = sourcecode.swift; path = SelectViewController.swift; sourceTree = "<group>"; };
		CB59F15A2A8D63C300449180 /* ActionEnum.swift */ = {isa = PBXFileReference; fileEncoding = 4; lastKnownFileType = sourcecode.swift; path = ActionEnum.swift; sourceTree = "<group>"; };
		CB59F15B2A8D63C300449180 /* CategoryEnum.swift */ = {isa = PBXFileReference; fileEncoding = 4; lastKnownFileType = sourcecode.swift; path = CategoryEnum.swift; sourceTree = "<group>"; };
		CB59F15F2A8D63D100449180 /* Note.swift */ = {isa = PBXFileReference; fileEncoding = 4; lastKnownFileType = sourcecode.swift; path = Note.swift; sourceTree = "<group>"; };
		CB59F1622A8D63E700449180 /* HomeView.swift */ = {isa = PBXFileReference; fileEncoding = 4; lastKnownFileType = sourcecode.swift; path = HomeView.swift; sourceTree = "<group>"; };
		CB59F1662A8D63E700449180 /* NoteCollectionViewCell.swift */ = {isa = PBXFileReference; fileEncoding = 4; lastKnownFileType = sourcecode.swift; path = NoteCollectionViewCell.swift; sourceTree = "<group>"; };
		CB59F1672A8D63E700449180 /* NoteTableViewDataSource.swift */ = {isa = PBXFileReference; fileEncoding = 4; lastKnownFileType = sourcecode.swift; path = NoteTableViewDataSource.swift; sourceTree = "<group>"; };
		CB59F1692A8D63E700449180 /* SelectView.swift */ = {isa = PBXFileReference; fileEncoding = 4; lastKnownFileType = sourcecode.swift; path = SelectView.swift; sourceTree = "<group>"; };
		CB59F16A2A8D63E700449180 /* CreateNoteView.swift */ = {isa = PBXFileReference; fileEncoding = 4; lastKnownFileType = sourcecode.swift; path = CreateNoteView.swift; sourceTree = "<group>"; };
		CBD424AC2A8D61DE00475143 /* Notas.app */ = {isa = PBXFileReference; explicitFileType = wrapper.application; includeInIndex = 0; path = Notas.app; sourceTree = BUILT_PRODUCTS_DIR; };
		CBD424AF2A8D61DE00475143 /* AppDelegate.swift */ = {isa = PBXFileReference; lastKnownFileType = sourcecode.swift; path = AppDelegate.swift; sourceTree = "<group>"; };
		CBD424B12A8D61DE00475143 /* SceneDelegate.swift */ = {isa = PBXFileReference; lastKnownFileType = sourcecode.swift; path = SceneDelegate.swift; sourceTree = "<group>"; };
		CBD424B32A8D61DE00475143 /* ViewController.swift */ = {isa = PBXFileReference; lastKnownFileType = sourcecode.swift; path = ViewController.swift; sourceTree = "<group>"; };
		CBD424B62A8D61DE00475143 /* Base */ = {isa = PBXFileReference; lastKnownFileType = file.storyboard; name = Base; path = Base.lproj/Main.storyboard; sourceTree = "<group>"; };
		CBD424BB2A8D61DF00475143 /* Assets.xcassets */ = {isa = PBXFileReference; lastKnownFileType = folder.assetcatalog; path = Assets.xcassets; sourceTree = "<group>"; };
		CBD424BE2A8D61DF00475143 /* Base */ = {isa = PBXFileReference; lastKnownFileType = file.storyboard; name = Base; path = Base.lproj/LaunchScreen.storyboard; sourceTree = "<group>"; };
		CBD424C02A8D61DF00475143 /* Info.plist */ = {isa = PBXFileReference; lastKnownFileType = text.plist.xml; path = Info.plist; sourceTree = "<group>"; };
		CBD424C52A8D61DF00475143 /* NotasTests.xctest */ = {isa = PBXFileReference; explicitFileType = wrapper.cfbundle; includeInIndex = 0; path = NotasTests.xctest; sourceTree = BUILT_PRODUCTS_DIR; };
		CBD424C92A8D61DF00475143 /* NotasTests.swift */ = {isa = PBXFileReference; lastKnownFileType = sourcecode.swift; path = NotasTests.swift; sourceTree = "<group>"; };
		CBD424CF2A8D61DF00475143 /* NotasUITests.xctest */ = {isa = PBXFileReference; explicitFileType = wrapper.cfbundle; includeInIndex = 0; path = NotasUITests.xctest; sourceTree = BUILT_PRODUCTS_DIR; };
		CBD424D32A8D61DF00475143 /* NotasUITests.swift */ = {isa = PBXFileReference; lastKnownFileType = sourcecode.swift; path = NotasUITests.swift; sourceTree = "<group>"; };
		CBD424D52A8D61DF00475143 /* NotasUITestsLaunchTests.swift */ = {isa = PBXFileReference; lastKnownFileType = sourcecode.swift; path = NotasUITestsLaunchTests.swift; sourceTree = "<group>"; };
/* End PBXFileReference section */

/* Begin PBXFrameworksBuildPhase section */
		CBD424A92A8D61DE00475143 /* Frameworks */ = {
			isa = PBXFrameworksBuildPhase;
			buildActionMask = 2147483647;
			files = (
			);
			runOnlyForDeploymentPostprocessing = 0;
		};
		CBD424C22A8D61DF00475143 /* Frameworks */ = {
			isa = PBXFrameworksBuildPhase;
			buildActionMask = 2147483647;
			files = (
			);
			runOnlyForDeploymentPostprocessing = 0;
		};
		CBD424CC2A8D61DF00475143 /* Frameworks */ = {
			isa = PBXFrameworksBuildPhase;
			buildActionMask = 2147483647;
			files = (
			);
			runOnlyForDeploymentPostprocessing = 0;
		};
/* End PBXFrameworksBuildPhase section */

/* Begin PBXGroup section */
		CB59F1512A8D63B700449180 /* Controllers */ = {
			isa = PBXGroup;
			children = (
				CB59F1522A8D63B700449180 /* HomeViewController.swift */,
				CB59F1532A8D63B700449180 /* CreateNoteViewController.swift */,
				CB59F1542A8D63B700449180 /* Select */,
			);
			path = Controllers;
			sourceTree = "<group>";
		};
		CB59F1542A8D63B700449180 /* Select */ = {
			isa = PBXGroup;
			children = (
				CB59F1552A8D63B700449180 /* SelectViewController.swift */,
			);
			path = Select;
			sourceTree = "<group>";
		};
		CB59F1592A8D63C300449180 /* Enums */ = {
			isa = PBXGroup;
			children = (
				CB59F15A2A8D63C300449180 /* ActionEnum.swift */,
				CB59F15B2A8D63C300449180 /* CategoryEnum.swift */,
			);
			path = Enums;
			sourceTree = "<group>";
		};
		CB59F15E2A8D63D100449180 /* Models */ = {
			isa = PBXGroup;
			children = (
				CB59F15F2A8D63D100449180 /* Note.swift */,
			);
			path = Models;
			sourceTree = "<group>";
		};
		CB59F1612A8D63E700449180 /* Views */ = {
			isa = PBXGroup;
			children = (
				CB59F1622A8D63E700449180 /* HomeView.swift */,
				CB59F16A2A8D63E700449180 /* CreateNoteView.swift */,
				CB59F1652A8D63E700449180 /* CollectionNote */,
				CB59F1682A8D63E700449180 /* Select */,
			);
			path = Views;
			sourceTree = "<group>";
		};
		CB59F1652A8D63E700449180 /* CollectionNote */ = {
			isa = PBXGroup;
			children = (
				CB59F1662A8D63E700449180 /* NoteCollectionViewCell.swift */,
				CB59F1672A8D63E700449180 /* NoteTableViewDataSource.swift */,
			);
			path = CollectionNote;
			sourceTree = "<group>";
		};
		CB59F1682A8D63E700449180 /* Select */ = {
			isa = PBXGroup;
			children = (
				CB59F1692A8D63E700449180 /* SelectView.swift */,
			);
			path = Select;
			sourceTree = "<group>";
		};
		CBD424A32A8D61DE00475143 = {
			isa = PBXGroup;
			children = (
				CBD424AE2A8D61DE00475143 /* Notas */,
				CBD424C82A8D61DF00475143 /* NotasTests */,
				CBD424D22A8D61DF00475143 /* NotasUITests */,
				CBD424AD2A8D61DE00475143 /* Products */,
			);
			sourceTree = "<group>";
		};
		CBD424AD2A8D61DE00475143 /* Products */ = {
			isa = PBXGroup;
			children = (
				CBD424AC2A8D61DE00475143 /* Notas.app */,
				CBD424C52A8D61DF00475143 /* NotasTests.xctest */,
				CBD424CF2A8D61DF00475143 /* NotasUITests.xctest */,
			);
			name = Products;
			sourceTree = "<group>";
		};
		CBD424AE2A8D61DE00475143 /* Notas */ = {
			isa = PBXGroup;
			children = (
				CB4CF4182A8F036500A6B929 /* Notas.xcdatamodeld */,
				CB59F1612A8D63E700449180 /* Views */,
				CB59F15E2A8D63D100449180 /* Models */,
				CB59F1592A8D63C300449180 /* Enums */,
				CB59F1512A8D63B700449180 /* Controllers */,
				CBD424AF2A8D61DE00475143 /* AppDelegate.swift */,
				CBD424B12A8D61DE00475143 /* SceneDelegate.swift */,
				CBD424B32A8D61DE00475143 /* ViewController.swift */,
				CBD424B52A8D61DE00475143 /* Main.storyboard */,
				CBD424BB2A8D61DF00475143 /* Assets.xcassets */,
				CBD424BD2A8D61DF00475143 /* LaunchScreen.storyboard */,
				CBD424C02A8D61DF00475143 /* Info.plist */,
			);
			path = Notas;
			sourceTree = "<group>";
		};
		CBD424C82A8D61DF00475143 /* NotasTests */ = {
			isa = PBXGroup;
			children = (
				CBD424C92A8D61DF00475143 /* NotasTests.swift */,
			);
			path = NotasTests;
			sourceTree = "<group>";
		};
		CBD424D22A8D61DF00475143 /* NotasUITests */ = {
			isa = PBXGroup;
			children = (
				CBD424D32A8D61DF00475143 /* NotasUITests.swift */,
				CBD424D52A8D61DF00475143 /* NotasUITestsLaunchTests.swift */,
			);
			path = NotasUITests;
			sourceTree = "<group>";
		};
/* End PBXGroup section */

/* Begin PBXNativeTarget section */
		CBD424AB2A8D61DE00475143 /* Notas */ = {
			isa = PBXNativeTarget;
			buildConfigurationList = CBD424D92A8D61DF00475143 /* Build configuration list for PBXNativeTarget "Notas" */;
			buildPhases = (
				CBD424A82A8D61DE00475143 /* Sources */,
				CBD424A92A8D61DE00475143 /* Frameworks */,
				CBD424AA2A8D61DE00475143 /* Resources */,
			);
			buildRules = (
			);
			dependencies = (
			);
			name = Notas;
			productName = Notas;
			productReference = CBD424AC2A8D61DE00475143 /* Notas.app */;
			productType = "com.apple.product-type.application";
		};
		CBD424C42A8D61DF00475143 /* NotasTests */ = {
			isa = PBXNativeTarget;
			buildConfigurationList = CBD424DC2A8D61DF00475143 /* Build configuration list for PBXNativeTarget "NotasTests" */;
			buildPhases = (
				CBD424C12A8D61DF00475143 /* Sources */,
				CBD424C22A8D61DF00475143 /* Frameworks */,
				CBD424C32A8D61DF00475143 /* Resources */,
			);
			buildRules = (
			);
			dependencies = (
				CBD424C72A8D61DF00475143 /* PBXTargetDependency */,
			);
			name = NotasTests;
			productName = NotasTests;
			productReference = CBD424C52A8D61DF00475143 /* NotasTests.xctest */;
			productType = "com.apple.product-type.bundle.unit-test";
		};
		CBD424CE2A8D61DF00475143 /* NotasUITests */ = {
			isa = PBXNativeTarget;
			buildConfigurationList = CBD424DF2A8D61DF00475143 /* Build configuration list for PBXNativeTarget "NotasUITests" */;
			buildPhases = (
				CBD424CB2A8D61DF00475143 /* Sources */,
				CBD424CC2A8D61DF00475143 /* Frameworks */,
				CBD424CD2A8D61DF00475143 /* Resources */,
			);
			buildRules = (
			);
			dependencies = (
				CBD424D12A8D61DF00475143 /* PBXTargetDependency */,
			);
			name = NotasUITests;
			productName = NotasUITests;
			productReference = CBD424CF2A8D61DF00475143 /* NotasUITests.xctest */;
			productType = "com.apple.product-type.bundle.ui-testing";
		};
/* End PBXNativeTarget section */

/* Begin PBXProject section */
		CBD424A42A8D61DE00475143 /* Project object */ = {
			isa = PBXProject;
			attributes = {
				BuildIndependentTargetsInParallel = 1;
				LastSwiftUpdateCheck = 1420;
				LastUpgradeCheck = 1420;
				TargetAttributes = {
					CBD424AB2A8D61DE00475143 = {
						CreatedOnToolsVersion = 14.2;
					};
					CBD424C42A8D61DF00475143 = {
						CreatedOnToolsVersion = 14.2;
						TestTargetID = CBD424AB2A8D61DE00475143;
					};
					CBD424CE2A8D61DF00475143 = {
						CreatedOnToolsVersion = 14.2;
						TestTargetID = CBD424AB2A8D61DE00475143;
					};
				};
			};
			buildConfigurationList = CBD424A72A8D61DE00475143 /* Build configuration list for PBXProject "Notas" */;
			compatibilityVersion = "Xcode 14.0";
			developmentRegion = en;
			hasScannedForEncodings = 0;
			knownRegions = (
				en,
				Base,
			);
			mainGroup = CBD424A32A8D61DE00475143;
			productRefGroup = CBD424AD2A8D61DE00475143 /* Products */;
			projectDirPath = "";
			projectRoot = "";
			targets = (
				CBD424AB2A8D61DE00475143 /* Notas */,
				CBD424C42A8D61DF00475143 /* NotasTests */,
				CBD424CE2A8D61DF00475143 /* NotasUITests */,
			);
		};
/* End PBXProject section */

/* Begin PBXResourcesBuildPhase section */
		CBD424AA2A8D61DE00475143 /* Resources */ = {
			isa = PBXResourcesBuildPhase;
			buildActionMask = 2147483647;
			files = (
				CBD424BF2A8D61DF00475143 /* LaunchScreen.storyboard in Resources */,
				CBD424BC2A8D61DF00475143 /* Assets.xcassets in Resources */,
				CBD424B72A8D61DE00475143 /* Main.storyboard in Resources */,
			);
			runOnlyForDeploymentPostprocessing = 0;
		};
		CBD424C32A8D61DF00475143 /* Resources */ = {
			isa = PBXResourcesBuildPhase;
			buildActionMask = 2147483647;
			files = (
			);
			runOnlyForDeploymentPostprocessing = 0;
		};
		CBD424CD2A8D61DF00475143 /* Resources */ = {
			isa = PBXResourcesBuildPhase;
			buildActionMask = 2147483647;
			files = (
			);
			runOnlyForDeploymentPostprocessing = 0;
		};
/* End PBXResourcesBuildPhase section */

/* Begin PBXSourcesBuildPhase section */
		CBD424A82A8D61DE00475143 /* Sources */ = {
			isa = PBXSourcesBuildPhase;
			buildActionMask = 2147483647;
			files = (
				CB59F1562A8D63B700449180 /* HomeViewController.swift in Sources */,
				CBD424B42A8D61DE00475143 /* ViewController.swift in Sources */,
				CBD424B02A8D61DE00475143 /* AppDelegate.swift in Sources */,
				CB59F1582A8D63B700449180 /* SelectViewController.swift in Sources */,
				CB59F1702A8D63E700449180 /* CreateNoteView.swift in Sources */,
				CBD424B22A8D61DE00475143 /* SceneDelegate.swift in Sources */,
				CB59F16F2A8D63E700449180 /* SelectView.swift in Sources */,
				CB59F16B2A8D63E700449180 /* HomeView.swift in Sources */,
				CB59F1602A8D63D100449180 /* Note.swift in Sources */,
				CB59F16E2A8D63E700449180 /* NoteTableViewDataSource.swift in Sources */,
				CB59F1572A8D63B700449180 /* CreateNoteViewController.swift in Sources */,
				CB59F15C2A8D63C400449180 /* ActionEnum.swift in Sources */,
				CB59F16D2A8D63E700449180 /* NoteCollectionViewCell.swift in Sources */,
				CB4CF41A2A8F036500A6B929 /* Notas.xcdatamodeld in Sources */,
				CB59F15D2A8D63C400449180 /* CategoryEnum.swift in Sources */,
			);
			runOnlyForDeploymentPostprocessing = 0;
		};
		CBD424C12A8D61DF00475143 /* Sources */ = {
			isa = PBXSourcesBuildPhase;
			buildActionMask = 2147483647;
			files = (
				CBD424CA2A8D61DF00475143 /* NotasTests.swift in Sources */,
			);
			runOnlyForDeploymentPostprocessing = 0;
		};
		CBD424CB2A8D61DF00475143 /* Sources */ = {
			isa = PBXSourcesBuildPhase;
			buildActionMask = 2147483647;
			files = (
				CBD424D62A8D61DF00475143 /* NotasUITestsLaunchTests.swift in Sources */,
				CBD424D42A8D61DF00475143 /* NotasUITests.swift in Sources */,
			);
			runOnlyForDeploymentPostprocessing = 0;
		};
/* End PBXSourcesBuildPhase section */

/* Begin PBXTargetDependency section */
		CBD424C72A8D61DF00475143 /* PBXTargetDependency */ = {
			isa = PBXTargetDependency;
			target = CBD424AB2A8D61DE00475143 /* Notas */;
			targetProxy = CBD424C62A8D61DF00475143 /* PBXContainerItemProxy */;
		};
		CBD424D12A8D61DF00475143 /* PBXTargetDependency */ = {
			isa = PBXTargetDependency;
			target = CBD424AB2A8D61DE00475143 /* Notas */;
			targetProxy = CBD424D02A8D61DF00475143 /* PBXContainerItemProxy */;
		};
/* End PBXTargetDependency section */

/* Begin PBXVariantGroup section */
		CBD424B52A8D61DE00475143 /* Main.storyboard */ = {
			isa = PBXVariantGroup;
			children = (
				CBD424B62A8D61DE00475143 /* Base */,
			);
			name = Main.storyboard;
			sourceTree = "<group>";
		};
		CBD424BD2A8D61DF00475143 /* LaunchScreen.storyboard */ = {
			isa = PBXVariantGroup;
			children = (
				CBD424BE2A8D61DF00475143 /* Base */,
			);
			name = LaunchScreen.storyboard;
			sourceTree = "<group>";
		};
/* End PBXVariantGroup section */

/* Begin XCBuildConfiguration section */
		CBD424D72A8D61DF00475143 /* Debug */ = {
			isa = XCBuildConfiguration;
			buildSettings = {
				ALWAYS_SEARCH_USER_PATHS = NO;
				CLANG_ANALYZER_NONNULL = YES;
				CLANG_ANALYZER_NUMBER_OBJECT_CONVERSION = YES_AGGRESSIVE;
				CLANG_CXX_LANGUAGE_STANDARD = "gnu++20";
				CLANG_ENABLE_MODULES = YES;
				CLANG_ENABLE_OBJC_ARC = YES;
				CLANG_ENABLE_OBJC_WEAK = YES;
				CLANG_WARN_BLOCK_CAPTURE_AUTORELEASING = YES;
				CLANG_WARN_BOOL_CONVERSION = YES;
				CLANG_WARN_COMMA = YES;
				CLANG_WARN_CONSTANT_CONVERSION = YES;
				CLANG_WARN_DEPRECATED_OBJC_IMPLEMENTATIONS = YES;
				CLANG_WARN_DIRECT_OBJC_ISA_USAGE = YES_ERROR;
				CLANG_WARN_DOCUMENTATION_COMMENTS = YES;
				CLANG_WARN_EMPTY_BODY = YES;
				CLANG_WARN_ENUM_CONVERSION = YES;
				CLANG_WARN_INFINITE_RECURSION = YES;
				CLANG_WARN_INT_CONVERSION = YES;
				CLANG_WARN_NON_LITERAL_NULL_CONVERSION = YES;
				CLANG_WARN_OBJC_IMPLICIT_RETAIN_SELF = YES;
				CLANG_WARN_OBJC_LITERAL_CONVERSION = YES;
				CLANG_WARN_OBJC_ROOT_CLASS = YES_ERROR;
				CLANG_WARN_QUOTED_INCLUDE_IN_FRAMEWORK_HEADER = YES;
				CLANG_WARN_RANGE_LOOP_ANALYSIS = YES;
				CLANG_WARN_STRICT_PROTOTYPES = YES;
				CLANG_WARN_SUSPICIOUS_MOVE = YES;
				CLANG_WARN_UNGUARDED_AVAILABILITY = YES_AGGRESSIVE;
				CLANG_WARN_UNREACHABLE_CODE = YES;
				CLANG_WARN__DUPLICATE_METHOD_MATCH = YES;
				COPY_PHASE_STRIP = NO;
				DEBUG_INFORMATION_FORMAT = dwarf;
				ENABLE_STRICT_OBJC_MSGSEND = YES;
				ENABLE_TESTABILITY = YES;
				GCC_C_LANGUAGE_STANDARD = gnu11;
				GCC_DYNAMIC_NO_PIC = NO;
				GCC_NO_COMMON_BLOCKS = YES;
				GCC_OPTIMIZATION_LEVEL = 0;
				GCC_PREPROCESSOR_DEFINITIONS = (
					"DEBUG=1",
					"$(inherited)",
				);
				GCC_WARN_64_TO_32_BIT_CONVERSION = YES;
				GCC_WARN_ABOUT_RETURN_TYPE = YES_ERROR;
				GCC_WARN_UNDECLARED_SELECTOR = YES;
				GCC_WARN_UNINITIALIZED_AUTOS = YES_AGGRESSIVE;
				GCC_WARN_UNUSED_FUNCTION = YES;
				GCC_WARN_UNUSED_VARIABLE = YES;
				IPHONEOS_DEPLOYMENT_TARGET = 16.2;
				MTL_ENABLE_DEBUG_INFO = INCLUDE_SOURCE;
				MTL_FAST_MATH = YES;
				ONLY_ACTIVE_ARCH = YES;
				SDKROOT = iphoneos;
				SWIFT_ACTIVE_COMPILATION_CONDITIONS = DEBUG;
				SWIFT_OPTIMIZATION_LEVEL = "-Onone";
			};
			name = Debug;
		};
		CBD424D82A8D61DF00475143 /* Release */ = {
			isa = XCBuildConfiguration;
			buildSettings = {
				ALWAYS_SEARCH_USER_PATHS = NO;
				CLANG_ANALYZER_NONNULL = YES;
				CLANG_ANALYZER_NUMBER_OBJECT_CONVERSION = YES_AGGRESSIVE;
				CLANG_CXX_LANGUAGE_STANDARD = "gnu++20";
				CLANG_ENABLE_MODULES = YES;
				CLANG_ENABLE_OBJC_ARC = YES;
				CLANG_ENABLE_OBJC_WEAK = YES;
				CLANG_WARN_BLOCK_CAPTURE_AUTORELEASING = YES;
				CLANG_WARN_BOOL_CONVERSION = YES;
				CLANG_WARN_COMMA = YES;
				CLANG_WARN_CONSTANT_CONVERSION = YES;
				CLANG_WARN_DEPRECATED_OBJC_IMPLEMENTATIONS = YES;
				CLANG_WARN_DIRECT_OBJC_ISA_USAGE = YES_ERROR;
				CLANG_WARN_DOCUMENTATION_COMMENTS = YES;
				CLANG_WARN_EMPTY_BODY = YES;
				CLANG_WARN_ENUM_CONVERSION = YES;
				CLANG_WARN_INFINITE_RECURSION = YES;
				CLANG_WARN_INT_CONVERSION = YES;
				CLANG_WARN_NON_LITERAL_NULL_CONVERSION = YES;
				CLANG_WARN_OBJC_IMPLICIT_RETAIN_SELF = YES;
				CLANG_WARN_OBJC_LITERAL_CONVERSION = YES;
				CLANG_WARN_OBJC_ROOT_CLASS = YES_ERROR;
				CLANG_WARN_QUOTED_INCLUDE_IN_FRAMEWORK_HEADER = YES;
				CLANG_WARN_RANGE_LOOP_ANALYSIS = YES;
				CLANG_WARN_STRICT_PROTOTYPES = YES;
				CLANG_WARN_SUSPICIOUS_MOVE = YES;
				CLANG_WARN_UNGUARDED_AVAILABILITY = YES_AGGRESSIVE;
				CLANG_WARN_UNREACHABLE_CODE = YES;
				CLANG_WARN__DUPLICATE_METHOD_MATCH = YES;
				COPY_PHASE_STRIP = NO;
				DEBUG_INFORMATION_FORMAT = "dwarf-with-dsym";
				ENABLE_NS_ASSERTIONS = NO;
				ENABLE_STRICT_OBJC_MSGSEND = YES;
				GCC_C_LANGUAGE_STANDARD = gnu11;
				GCC_NO_COMMON_BLOCKS = YES;
				GCC_WARN_64_TO_32_BIT_CONVERSION = YES;
				GCC_WARN_ABOUT_RETURN_TYPE = YES_ERROR;
				GCC_WARN_UNDECLARED_SELECTOR = YES;
				GCC_WARN_UNINITIALIZED_AUTOS = YES_AGGRESSIVE;
				GCC_WARN_UNUSED_FUNCTION = YES;
				GCC_WARN_UNUSED_VARIABLE = YES;
				IPHONEOS_DEPLOYMENT_TARGET = 16.2;
				MTL_ENABLE_DEBUG_INFO = NO;
				MTL_FAST_MATH = YES;
				SDKROOT = iphoneos;
				SWIFT_COMPILATION_MODE = wholemodule;
				SWIFT_OPTIMIZATION_LEVEL = "-O";
				VALIDATE_PRODUCT = YES;
			};
			name = Release;
		};
		CBD424DA2A8D61DF00475143 /* Debug */ = {
			isa = XCBuildConfiguration;
			buildSettings = {
				ASSETCATALOG_COMPILER_APPICON_NAME = AppIcon;
				ASSETCATALOG_COMPILER_GLOBAL_ACCENT_COLOR_NAME = AccentColor;
				CODE_SIGN_STYLE = Automatic;
				CURRENT_PROJECT_VERSION = 1;
				GENERATE_INFOPLIST_FILE = YES;
				INFOPLIST_FILE = Notas/Info.plist;
				INFOPLIST_KEY_UIApplicationSupportsIndirectInputEvents = YES;
				INFOPLIST_KEY_UILaunchStoryboardName = LaunchScreen;
				INFOPLIST_KEY_UISupportedInterfaceOrientations_iPad = "UIInterfaceOrientationPortrait UIInterfaceOrientationPortraitUpsideDown UIInterfaceOrientationLandscapeLeft UIInterfaceOrientationLandscapeRight";
				INFOPLIST_KEY_UISupportedInterfaceOrientations_iPhone = "UIInterfaceOrientationPortrait UIInterfaceOrientationLandscapeLeft UIInterfaceOrientationLandscapeRight";
				LD_RUNPATH_SEARCH_PATHS = (
					"$(inherited)",
					"@executable_path/Frameworks",
				);
				MARKETING_VERSION = 1.0;
				PRODUCT_BUNDLE_IDENTIFIER = alvaro.concha.Notas;
				PRODUCT_NAME = "$(TARGET_NAME)";
				SWIFT_EMIT_LOC_STRINGS = YES;
				SWIFT_VERSION = 5.0;
				TARGETED_DEVICE_FAMILY = "1,2";
			};
			name = Debug;
		};
		CBD424DB2A8D61DF00475143 /* Release */ = {
			isa = XCBuildConfiguration;
			buildSettings = {
				ASSETCATALOG_COMPILER_APPICON_NAME = AppIcon;
				ASSETCATALOG_COMPILER_GLOBAL_ACCENT_COLOR_NAME = AccentColor;
				CODE_SIGN_STYLE = Automatic;
				CURRENT_PROJECT_VERSION = 1;
				GENERATE_INFOPLIST_FILE = YES;
				INFOPLIST_FILE = Notas/Info.plist;
				INFOPLIST_KEY_UIApplicationSupportsIndirectInputEvents = YES;
				INFOPLIST_KEY_UILaunchStoryboardName = LaunchScreen;
				INFOPLIST_KEY_UISupportedInterfaceOrientations_iPad = "UIInterfaceOrientationPortrait UIInterfaceOrientationPortraitUpsideDown UIInterfaceOrientationLandscapeLeft UIInterfaceOrientationLandscapeRight";
				INFOPLIST_KEY_UISupportedInterfaceOrientations_iPhone = "UIInterfaceOrientationPortrait UIInterfaceOrientationLandscapeLeft UIInterfaceOrientationLandscapeRight";
				LD_RUNPATH_SEARCH_PATHS = (
					"$(inherited)",
					"@executable_path/Frameworks",
				);
				MARKETING_VERSION = 1.0;
				PRODUCT_BUNDLE_IDENTIFIER = alvaro.concha.Notas;
				PRODUCT_NAME = "$(TARGET_NAME)";
				SWIFT_EMIT_LOC_STRINGS = YES;
				SWIFT_VERSION = 5.0;
				TARGETED_DEVICE_FAMILY = "1,2";
			};
			name = Release;
		};
		CBD424DD2A8D61DF00475143 /* Debug */ = {
			isa = XCBuildConfiguration;
			buildSettings = {
				ALWAYS_EMBED_SWIFT_STANDARD_LIBRARIES = YES;
				BUNDLE_LOADER = "$(TEST_HOST)";
				CODE_SIGN_STYLE = Automatic;
				CURRENT_PROJECT_VERSION = 1;
				GENERATE_INFOPLIST_FILE = YES;
				IPHONEOS_DEPLOYMENT_TARGET = 16.2;
				MARKETING_VERSION = 1.0;
				PRODUCT_BUNDLE_IDENTIFIER = alvaro.concha.NotasTests;
				PRODUCT_NAME = "$(TARGET_NAME)";
				SWIFT_EMIT_LOC_STRINGS = NO;
				SWIFT_VERSION = 5.0;
				TARGETED_DEVICE_FAMILY = "1,2";
				TEST_HOST = "$(BUILT_PRODUCTS_DIR)/Notas.app/$(BUNDLE_EXECUTABLE_FOLDER_PATH)/Notas";
			};
			name = Debug;
		};
		CBD424DE2A8D61DF00475143 /* Release */ = {
			isa = XCBuildConfiguration;
			buildSettings = {
				ALWAYS_EMBED_SWIFT_STANDARD_LIBRARIES = YES;
				BUNDLE_LOADER = "$(TEST_HOST)";
				CODE_SIGN_STYLE = Automatic;
				CURRENT_PROJECT_VERSION = 1;
				GENERATE_INFOPLIST_FILE = YES;
				IPHONEOS_DEPLOYMENT_TARGET = 16.2;
				MARKETING_VERSION = 1.0;
				PRODUCT_BUNDLE_IDENTIFIER = alvaro.concha.NotasTests;
				PRODUCT_NAME = "$(TARGET_NAME)";
				SWIFT_EMIT_LOC_STRINGS = NO;
				SWIFT_VERSION = 5.0;
				TARGETED_DEVICE_FAMILY = "1,2";
				TEST_HOST = "$(BUILT_PRODUCTS_DIR)/Notas.app/$(BUNDLE_EXECUTABLE_FOLDER_PATH)/Notas";
			};
			name = Release;
		};
		CBD424E02A8D61DF00475143 /* Debug */ = {
			isa = XCBuildConfiguration;
			buildSettings = {
				ALWAYS_EMBED_SWIFT_STANDARD_LIBRARIES = YES;
				CODE_SIGN_STYLE = Automatic;
				CURRENT_PROJECT_VERSION = 1;
				GENERATE_INFOPLIST_FILE = YES;
				MARKETING_VERSION = 1.0;
				PRODUCT_BUNDLE_IDENTIFIER = alvaro.concha.NotasUITests;
				PRODUCT_NAME = "$(TARGET_NAME)";
				SWIFT_EMIT_LOC_STRINGS = NO;
				SWIFT_VERSION = 5.0;
				TARGETED_DEVICE_FAMILY = "1,2";
				TEST_TARGET_NAME = Notas;
			};
			name = Debug;
		};
		CBD424E12A8D61DF00475143 /* Release */ = {
			isa = XCBuildConfiguration;
			buildSettings = {
				ALWAYS_EMBED_SWIFT_STANDARD_LIBRARIES = YES;
				CODE_SIGN_STYLE = Automatic;
				CURRENT_PROJECT_VERSION = 1;
				GENERATE_INFOPLIST_FILE = YES;
				MARKETING_VERSION = 1.0;
				PRODUCT_BUNDLE_IDENTIFIER = alvaro.concha.NotasUITests;
				PRODUCT_NAME = "$(TARGET_NAME)";
				SWIFT_EMIT_LOC_STRINGS = NO;
				SWIFT_VERSION = 5.0;
				TARGETED_DEVICE_FAMILY = "1,2";
				TEST_TARGET_NAME = Notas;
			};
			name = Release;
		};
/* End XCBuildConfiguration section */

/* Begin XCConfigurationList section */
		CBD424A72A8D61DE00475143 /* Build configuration list for PBXProject "Notas" */ = {
			isa = XCConfigurationList;
			buildConfigurations = (
				CBD424D72A8D61DF00475143 /* Debug */,
				CBD424D82A8D61DF00475143 /* Release */,
			);
			defaultConfigurationIsVisible = 0;
			defaultConfigurationName = Release;
		};
		CBD424D92A8D61DF00475143 /* Build configuration list for PBXNativeTarget "Notas" */ = {
			isa = XCConfigurationList;
			buildConfigurations = (
				CBD424DA2A8D61DF00475143 /* Debug */,
				CBD424DB2A8D61DF00475143 /* Release */,
			);
			defaultConfigurationIsVisible = 0;
			defaultConfigurationName = Release;
		};
		CBD424DC2A8D61DF00475143 /* Build configuration list for PBXNativeTarget "NotasTests" */ = {
			isa = XCConfigurationList;
			buildConfigurations = (
				CBD424DD2A8D61DF00475143 /* Debug */,
				CBD424DE2A8D61DF00475143 /* Release */,
			);
			defaultConfigurationIsVisible = 0;
			defaultConfigurationName = Release;
		};
		CBD424DF2A8D61DF00475143 /* Build configuration list for PBXNativeTarget "NotasUITests" */ = {
			isa = XCConfigurationList;
			buildConfigurations = (
				CBD424E02A8D61DF00475143 /* Debug */,
				CBD424E12A8D61DF00475143 /* Release */,
			);
			defaultConfigurationIsVisible = 0;
			defaultConfigurationName = Release;
		};
/* End XCConfigurationList section */

/* Begin XCVersionGroup section */
		CB4CF4182A8F036500A6B929 /* Notas.xcdatamodeld */ = {
			isa = XCVersionGroup;
			children = (
				CB4CF4192A8F036500A6B929 /* Notas.xcdatamodel */,
			);
			currentVersion = CB4CF4192A8F036500A6B929 /* Notas.xcdatamodel */;
			path = Notas.xcdatamodeld;
			sourceTree = "<group>";
			versionGroupType = wrapper.xcdatamodel;
		};
/* End XCVersionGroup section */
	};
	rootObject = CBD424A42A8D61DE00475143 /* Project object */;
}
